// !$*UTF8*$!
{
	archiveVersion = 1;
	classes = {
	};
	objectVersion = 50;
	objects = {

/* Begin PBXBuildFile section */
		5EC188ABEC26D62B7B617331 /* Pods_PickItUp_PickItUpUITests.framework in Frameworks */ = {isa = PBXBuildFile; fileRef = 9447F9A7FC6DDF001858D56E /* Pods_PickItUp_PickItUpUITests.framework */; };
		BC67FD8D5DCB6572DC4E64C1 /* Pods_PickItUpTests.framework in Frameworks */ = {isa = PBXBuildFile; fileRef = 028CAA49E2147E32EACB55F5 /* Pods_PickItUpTests.framework */; };
		DF1037952B3CA6A78354F8DD /* Pods_PickItUp.framework in Frameworks */ = {isa = PBXBuildFile; fileRef = EA1582B1FF1932BFDA417EA5 /* Pods_PickItUp.framework */; };
		E8CCE199243CF56F00999F3B /* AppDelegate.swift in Sources */ = {isa = PBXBuildFile; fileRef = E8CCE198243CF56F00999F3B /* AppDelegate.swift */; };
		E8CCE19B243CF56F00999F3B /* SceneDelegate.swift in Sources */ = {isa = PBXBuildFile; fileRef = E8CCE19A243CF56F00999F3B /* SceneDelegate.swift */; };
		E8CCE19D243CF56F00999F3B /* ContentView.swift in Sources */ = {isa = PBXBuildFile; fileRef = E8CCE19C243CF56F00999F3B /* ContentView.swift */; };
		E8CCE19F243CF57400999F3B /* Assets.xcassets in Resources */ = {isa = PBXBuildFile; fileRef = E8CCE19E243CF57400999F3B /* Assets.xcassets */; };
		E8CCE1A2243CF57400999F3B /* Preview Assets.xcassets in Resources */ = {isa = PBXBuildFile; fileRef = E8CCE1A1243CF57400999F3B /* Preview Assets.xcassets */; };
		E8CCE1A5243CF57400999F3B /* LaunchScreen.storyboard in Resources */ = {isa = PBXBuildFile; fileRef = E8CCE1A3243CF57400999F3B /* LaunchScreen.storyboard */; };
		E8CCE1B0243CF57400999F3B /* PickItUpTests.swift in Sources */ = {isa = PBXBuildFile; fileRef = E8CCE1AF243CF57400999F3B /* PickItUpTests.swift */; };
		E8CCE1BB243CF57400999F3B /* PickItUpUITests.swift in Sources */ = {isa = PBXBuildFile; fileRef = E8CCE1BA243CF57400999F3B /* PickItUpUITests.swift */; };
		E8CCE1C9243CFD7900999F3B /* GoogleService-Info.plist in Resources */ = {isa = PBXBuildFile; fileRef = E8CCE1C8243CFD7900999F3B /* GoogleService-Info.plist */; };
/* End PBXBuildFile section */

/* Begin PBXContainerItemProxy section */
		E8CCE1AC243CF57400999F3B /* PBXContainerItemProxy */ = {
			isa = PBXContainerItemProxy;
			containerPortal = E8CCE18D243CF56F00999F3B /* Project object */;
			proxyType = 1;
			remoteGlobalIDString = E8CCE194243CF56F00999F3B;
			remoteInfo = PickItUp;
		};
		E8CCE1B7243CF57400999F3B /* PBXContainerItemProxy */ = {
			isa = PBXContainerItemProxy;
			containerPortal = E8CCE18D243CF56F00999F3B /* Project object */;
			proxyType = 1;
			remoteGlobalIDString = E8CCE194243CF56F00999F3B;
			remoteInfo = PickItUp;
		};
/* End PBXContainerItemProxy section */

/* Begin PBXFileReference section */
		028CAA49E2147E32EACB55F5 /* Pods_PickItUpTests.framework */ = {isa = PBXFileReference; explicitFileType = wrapper.framework; includeInIndex = 0; path = Pods_PickItUpTests.framework; sourceTree = BUILT_PRODUCTS_DIR; };
		203579E25BE03E8FE455F85F /* Pods-PickItUp-PickItUpUITests.debug.xcconfig */ = {isa = PBXFileReference; includeInIndex = 1; lastKnownFileType = text.xcconfig; name = "Pods-PickItUp-PickItUpUITests.debug.xcconfig"; path = "Target Support Files/Pods-PickItUp-PickItUpUITests/Pods-PickItUp-PickItUpUITests.debug.xcconfig"; sourceTree = "<group>"; };
		60778CE1EEB8E1DC4F63541F /* Pods-PickItUp.release.xcconfig */ = {isa = PBXFileReference; includeInIndex = 1; lastKnownFileType = text.xcconfig; name = "Pods-PickItUp.release.xcconfig"; path = "Target Support Files/Pods-PickItUp/Pods-PickItUp.release.xcconfig"; sourceTree = "<group>"; };
		8D88F1E1FEE4711E176AB1A0 /* Pods-PickItUp.debug.xcconfig */ = {isa = PBXFileReference; includeInIndex = 1; lastKnownFileType = text.xcconfig; name = "Pods-PickItUp.debug.xcconfig"; path = "Target Support Files/Pods-PickItUp/Pods-PickItUp.debug.xcconfig"; sourceTree = "<group>"; };
		9447F9A7FC6DDF001858D56E /* Pods_PickItUp_PickItUpUITests.framework */ = {isa = PBXFileReference; explicitFileType = wrapper.framework; includeInIndex = 0; path = Pods_PickItUp_PickItUpUITests.framework; sourceTree = BUILT_PRODUCTS_DIR; };
		9B255A73A345A1E8E9EDA781 /* Pods-PickItUp-PickItUpUITests.release.xcconfig */ = {isa = PBXFileReference; includeInIndex = 1; lastKnownFileType = text.xcconfig; name = "Pods-PickItUp-PickItUpUITests.release.xcconfig"; path = "Target Support Files/Pods-PickItUp-PickItUpUITests/Pods-PickItUp-PickItUpUITests.release.xcconfig"; sourceTree = "<group>"; };
		AC2C771F7532F585716E89B7 /* Pods-PickItUpTests.release.xcconfig */ = {isa = PBXFileReference; includeInIndex = 1; lastKnownFileType = text.xcconfig; name = "Pods-PickItUpTests.release.xcconfig"; path = "Target Support Files/Pods-PickItUpTests/Pods-PickItUpTests.release.xcconfig"; sourceTree = "<group>"; };
		CBE4065C7DABAE68AAB6B09F /* Pods-PickItUpTests.debug.xcconfig */ = {isa = PBXFileReference; includeInIndex = 1; lastKnownFileType = text.xcconfig; name = "Pods-PickItUpTests.debug.xcconfig"; path = "Target Support Files/Pods-PickItUpTests/Pods-PickItUpTests.debug.xcconfig"; sourceTree = "<group>"; };
		E8CCE195243CF56F00999F3B /* PickItUp.app */ = {isa = PBXFileReference; explicitFileType = wrapper.application; includeInIndex = 0; path = PickItUp.app; sourceTree = BUILT_PRODUCTS_DIR; };
		E8CCE198243CF56F00999F3B /* AppDelegate.swift */ = {isa = PBXFileReference; lastKnownFileType = sourcecode.swift; path = AppDelegate.swift; sourceTree = "<group>"; };
		E8CCE19A243CF56F00999F3B /* SceneDelegate.swift */ = {isa = PBXFileReference; lastKnownFileType = sourcecode.swift; path = SceneDelegate.swift; sourceTree = "<group>"; };
		E8CCE19C243CF56F00999F3B /* ContentView.swift */ = {isa = PBXFileReference; lastKnownFileType = sourcecode.swift; path = ContentView.swift; sourceTree = "<group>"; };
		E8CCE19E243CF57400999F3B /* Assets.xcassets */ = {isa = PBXFileReference; lastKnownFileType = folder.assetcatalog; path = Assets.xcassets; sourceTree = "<group>"; };
		E8CCE1A1243CF57400999F3B /* Preview Assets.xcassets */ = {isa = PBXFileReference; lastKnownFileType = folder.assetcatalog; path = "Preview Assets.xcassets"; sourceTree = "<group>"; };
		E8CCE1A4243CF57400999F3B /* Base */ = {isa = PBXFileReference; lastKnownFileType = file.storyboard; name = Base; path = Base.lproj/LaunchScreen.storyboard; sourceTree = "<group>"; };
		E8CCE1A6243CF57400999F3B /* Info.plist */ = {isa = PBXFileReference; lastKnownFileType = text.plist.xml; path = Info.plist; sourceTree = "<group>"; };
		E8CCE1AB243CF57400999F3B /* PickItUpTests.xctest */ = {isa = PBXFileReference; explicitFileType = wrapper.cfbundle; includeInIndex = 0; path = PickItUpTests.xctest; sourceTree = BUILT_PRODUCTS_DIR; };
		E8CCE1AF243CF57400999F3B /* PickItUpTests.swift */ = {isa = PBXFileReference; lastKnownFileType = sourcecode.swift; path = PickItUpTests.swift; sourceTree = "<group>"; };
		E8CCE1B1243CF57400999F3B /* Info.plist */ = {isa = PBXFileReference; lastKnownFileType = text.plist.xml; path = Info.plist; sourceTree = "<group>"; };
		E8CCE1B6243CF57400999F3B /* PickItUpUITests.xctest */ = {isa = PBXFileReference; explicitFileType = wrapper.cfbundle; includeInIndex = 0; path = PickItUpUITests.xctest; sourceTree = BUILT_PRODUCTS_DIR; };
		E8CCE1BA243CF57400999F3B /* PickItUpUITests.swift */ = {isa = PBXFileReference; lastKnownFileType = sourcecode.swift; path = PickItUpUITests.swift; sourceTree = "<group>"; };
		E8CCE1BC243CF57400999F3B /* Info.plist */ = {isa = PBXFileReference; lastKnownFileType = text.plist.xml; path = Info.plist; sourceTree = "<group>"; };
		E8CCE1C8243CFD7900999F3B /* GoogleService-Info.plist */ = {isa = PBXFileReference; fileEncoding = 4; lastKnownFileType = text.plist.xml; path = "GoogleService-Info.plist"; sourceTree = "<group>"; };
		EA1582B1FF1932BFDA417EA5 /* Pods_PickItUp.framework */ = {isa = PBXFileReference; explicitFileType = wrapper.framework; includeInIndex = 0; path = Pods_PickItUp.framework; sourceTree = BUILT_PRODUCTS_DIR; };
/* End PBXFileReference section */

/* Begin PBXFrameworksBuildPhase section */
		E8CCE192243CF56F00999F3B /* Frameworks */ = {
			isa = PBXFrameworksBuildPhase;
			buildActionMask = 2147483647;
			files = (
				DF1037952B3CA6A78354F8DD /* Pods_PickItUp.framework in Frameworks */,
			);
			runOnlyForDeploymentPostprocessing = 0;
		};
		E8CCE1A8243CF57400999F3B /* Frameworks */ = {
			isa = PBXFrameworksBuildPhase;
			buildActionMask = 2147483647;
			files = (
				BC67FD8D5DCB6572DC4E64C1 /* Pods_PickItUpTests.framework in Frameworks */,
			);
			runOnlyForDeploymentPostprocessing = 0;
		};
		E8CCE1B3243CF57400999F3B /* Frameworks */ = {
			isa = PBXFrameworksBuildPhase;
			buildActionMask = 2147483647;
			files = (
				5EC188ABEC26D62B7B617331 /* Pods_PickItUp_PickItUpUITests.framework in Frameworks */,
			);
			runOnlyForDeploymentPostprocessing = 0;
		};
/* End PBXFrameworksBuildPhase section */

/* Begin PBXGroup section */
		16FF2A5F2B08895F52177CBC /* Frameworks */ = {
			isa = PBXGroup;
			children = (
				EA1582B1FF1932BFDA417EA5 /* Pods_PickItUp.framework */,
				9447F9A7FC6DDF001858D56E /* Pods_PickItUp_PickItUpUITests.framework */,
				028CAA49E2147E32EACB55F5 /* Pods_PickItUpTests.framework */,
			);
			name = Frameworks;
			sourceTree = "<group>";
		};
		98E0A3367EF7A12421BAEB7B /* Pods */ = {
			isa = PBXGroup;
			children = (
				8D88F1E1FEE4711E176AB1A0 /* Pods-PickItUp.debug.xcconfig */,
				60778CE1EEB8E1DC4F63541F /* Pods-PickItUp.release.xcconfig */,
				203579E25BE03E8FE455F85F /* Pods-PickItUp-PickItUpUITests.debug.xcconfig */,
				9B255A73A345A1E8E9EDA781 /* Pods-PickItUp-PickItUpUITests.release.xcconfig */,
				CBE4065C7DABAE68AAB6B09F /* Pods-PickItUpTests.debug.xcconfig */,
				AC2C771F7532F585716E89B7 /* Pods-PickItUpTests.release.xcconfig */,
			);
			name = Pods;
			path = Pods;
			sourceTree = "<group>";
		};
		E8CCE18C243CF56F00999F3B = {
			isa = PBXGroup;
			children = (
				E8CCE197243CF56F00999F3B /* PickItUp */,
				E8CCE1AE243CF57400999F3B /* PickItUpTests */,
				E8CCE1B9243CF57400999F3B /* PickItUpUITests */,
				E8CCE196243CF56F00999F3B /* Products */,
				98E0A3367EF7A12421BAEB7B /* Pods */,
				16FF2A5F2B08895F52177CBC /* Frameworks */,
			);
			sourceTree = "<group>";
		};
		E8CCE196243CF56F00999F3B /* Products */ = {
			isa = PBXGroup;
			children = (
				E8CCE195243CF56F00999F3B /* PickItUp.app */,
				E8CCE1AB243CF57400999F3B /* PickItUpTests.xctest */,
				E8CCE1B6243CF57400999F3B /* PickItUpUITests.xctest */,
			);
			name = Products;
			sourceTree = "<group>";
		};
		E8CCE197243CF56F00999F3B /* PickItUp */ = {
			isa = PBXGroup;
			children = (
				E8CCE1C8243CFD7900999F3B /* GoogleService-Info.plist */,
				E8CCE198243CF56F00999F3B /* AppDelegate.swift */,
				E8CCE19A243CF56F00999F3B /* SceneDelegate.swift */,
				E8CCE19C243CF56F00999F3B /* ContentView.swift */,
				E8CCE19E243CF57400999F3B /* Assets.xcassets */,
				E8CCE1A3243CF57400999F3B /* LaunchScreen.storyboard */,
				E8CCE1A6243CF57400999F3B /* Info.plist */,
				E8CCE1A0243CF57400999F3B /* Preview Content */,
			);
			path = PickItUp;
			sourceTree = "<group>";
		};
		E8CCE1A0243CF57400999F3B /* Preview Content */ = {
			isa = PBXGroup;
			children = (
				E8CCE1A1243CF57400999F3B /* Preview Assets.xcassets */,
			);
			path = "Preview Content";
			sourceTree = "<group>";
		};
		E8CCE1AE243CF57400999F3B /* PickItUpTests */ = {
			isa = PBXGroup;
			children = (
				E8CCE1AF243CF57400999F3B /* PickItUpTests.swift */,
				E8CCE1B1243CF57400999F3B /* Info.plist */,
			);
			path = PickItUpTests;
			sourceTree = "<group>";
		};
		E8CCE1B9243CF57400999F3B /* PickItUpUITests */ = {
			isa = PBXGroup;
			children = (
				E8CCE1BA243CF57400999F3B /* PickItUpUITests.swift */,
				E8CCE1BC243CF57400999F3B /* Info.plist */,
			);
			path = PickItUpUITests;
			sourceTree = "<group>";
		};
/* End PBXGroup section */

/* Begin PBXNativeTarget section */
		E8CCE194243CF56F00999F3B /* PickItUp */ = {
			isa = PBXNativeTarget;
			buildConfigurationList = E8CCE1BF243CF57500999F3B /* Build configuration list for PBXNativeTarget "PickItUp" */;
			buildPhases = (
				F0EEBCE63AF61267BDB75AE1 /* [CP] Check Pods Manifest.lock */,
				E8CCE191243CF56F00999F3B /* Sources */,
				E8CCE192243CF56F00999F3B /* Frameworks */,
				E8CCE193243CF56F00999F3B /* Resources */,
				6494C05754B435E126F3DABE /* [CP] Embed Pods Frameworks */,
			);
			buildRules = (
			);
			dependencies = (
			);
			name = PickItUp;
			productName = PickItUp;
			productReference = E8CCE195243CF56F00999F3B /* PickItUp.app */;
			productType = "com.apple.product-type.application";
		};
		E8CCE1AA243CF57400999F3B /* PickItUpTests */ = {
			isa = PBXNativeTarget;
			buildConfigurationList = E8CCE1C2243CF57500999F3B /* Build configuration list for PBXNativeTarget "PickItUpTests" */;
			buildPhases = (
				63D77216E46655253936329F /* [CP] Check Pods Manifest.lock */,
				E8CCE1A7243CF57400999F3B /* Sources */,
				E8CCE1A8243CF57400999F3B /* Frameworks */,
				E8CCE1A9243CF57400999F3B /* Resources */,
			);
			buildRules = (
			);
			dependencies = (
				E8CCE1AD243CF57400999F3B /* PBXTargetDependency */,
			);
			name = PickItUpTests;
			productName = PickItUpTests;
			productReference = E8CCE1AB243CF57400999F3B /* PickItUpTests.xctest */;
			productType = "com.apple.product-type.bundle.unit-test";
		};
		E8CCE1B5243CF57400999F3B /* PickItUpUITests */ = {
			isa = PBXNativeTarget;
			buildConfigurationList = E8CCE1C5243CF57500999F3B /* Build configuration list for PBXNativeTarget "PickItUpUITests" */;
			buildPhases = (
				5F838EFF9017AA1A40FF5006 /* [CP] Check Pods Manifest.lock */,
				E8CCE1B2243CF57400999F3B /* Sources */,
				E8CCE1B3243CF57400999F3B /* Frameworks */,
				E8CCE1B4243CF57400999F3B /* Resources */,
				6A72E84B74F768687E05D021 /* [CP] Embed Pods Frameworks */,
			);
			buildRules = (
			);
			dependencies = (
				E8CCE1B8243CF57400999F3B /* PBXTargetDependency */,
			);
			name = PickItUpUITests;
			productName = PickItUpUITests;
			productReference = E8CCE1B6243CF57400999F3B /* PickItUpUITests.xctest */;
			productType = "com.apple.product-type.bundle.ui-testing";
		};
/* End PBXNativeTarget section */

/* Begin PBXProject section */
		E8CCE18D243CF56F00999F3B /* Project object */ = {
			isa = PBXProject;
			attributes = {
				LastSwiftUpdateCheck = 1130;
				LastUpgradeCheck = 1130;
				ORGANIZATIONNAME = AppFactory;
				TargetAttributes = {
					E8CCE194243CF56F00999F3B = {
						CreatedOnToolsVersion = 11.3.1;
					};
					E8CCE1AA243CF57400999F3B = {
						CreatedOnToolsVersion = 11.3.1;
						TestTargetID = E8CCE194243CF56F00999F3B;
					};
					E8CCE1B5243CF57400999F3B = {
						CreatedOnToolsVersion = 11.3.1;
						TestTargetID = E8CCE194243CF56F00999F3B;
					};
				};
			};
			buildConfigurationList = E8CCE190243CF56F00999F3B /* Build configuration list for PBXProject "PickItUp" */;
			compatibilityVersion = "Xcode 9.3";
			developmentRegion = en;
			hasScannedForEncodings = 0;
			knownRegions = (
				en,
				Base,
			);
			mainGroup = E8CCE18C243CF56F00999F3B;
			productRefGroup = E8CCE196243CF56F00999F3B /* Products */;
			projectDirPath = "";
			projectRoot = "";
			targets = (
				E8CCE194243CF56F00999F3B /* PickItUp */,
				E8CCE1AA243CF57400999F3B /* PickItUpTests */,
				E8CCE1B5243CF57400999F3B /* PickItUpUITests */,
			);
		};
/* End PBXProject section */

/* Begin PBXResourcesBuildPhase section */
		E8CCE193243CF56F00999F3B /* Resources */ = {
			isa = PBXResourcesBuildPhase;
			buildActionMask = 2147483647;
			files = (
				E8CCE1A5243CF57400999F3B /* LaunchScreen.storyboard in Resources */,
				E8CCE1A2243CF57400999F3B /* Preview Assets.xcassets in Resources */,
				E8CCE19F243CF57400999F3B /* Assets.xcassets in Resources */,
				E8CCE1C9243CFD7900999F3B /* GoogleService-Info.plist in Resources */,
			);
			runOnlyForDeploymentPostprocessing = 0;
		};
		E8CCE1A9243CF57400999F3B /* Resources */ = {
			isa = PBXResourcesBuildPhase;
			buildActionMask = 2147483647;
			files = (
			);
			runOnlyForDeploymentPostprocessing = 0;
		};
		E8CCE1B4243CF57400999F3B /* Resources */ = {
			isa = PBXResourcesBuildPhase;
			buildActionMask = 2147483647;
			files = (
			);
			runOnlyForDeploymentPostprocessing = 0;
		};
/* End PBXResourcesBuildPhase section */

/* Begin PBXShellScriptBuildPhase section */
		5F838EFF9017AA1A40FF5006 /* [CP] Check Pods Manifest.lock */ = {
			isa = PBXShellScriptBuildPhase;
			buildActionMask = 2147483647;
			files = (
			);
			inputFileListPaths = (
			);
			inputPaths = (
				"${PODS_PODFILE_DIR_PATH}/Podfile.lock",
				"${PODS_ROOT}/Manifest.lock",
			);
			name = "[CP] Check Pods Manifest.lock";
			outputFileListPaths = (
			);
			outputPaths = (
				"$(DERIVED_FILE_DIR)/Pods-PickItUp-PickItUpUITests-checkManifestLockResult.txt",
			);
			runOnlyForDeploymentPostprocessing = 0;
			shellPath = /bin/sh;
			shellScript = "diff \"${PODS_PODFILE_DIR_PATH}/Podfile.lock\" \"${PODS_ROOT}/Manifest.lock\" > /dev/null\nif [ $? != 0 ] ; then\n    # print error to STDERR\n    echo \"error: The sandbox is not in sync with the Podfile.lock. Run 'pod install' or update your CocoaPods installation.\" >&2\n    exit 1\nfi\n# This output is used by Xcode 'outputs' to avoid re-running this script phase.\necho \"SUCCESS\" > \"${SCRIPT_OUTPUT_FILE_0}\"\n";
			showEnvVarsInLog = 0;
		};
		63D77216E46655253936329F /* [CP] Check Pods Manifest.lock */ = {
			isa = PBXShellScriptBuildPhase;
			buildActionMask = 2147483647;
			files = (
			);
			inputFileListPaths = (
			);
			inputPaths = (
				"${PODS_PODFILE_DIR_PATH}/Podfile.lock",
				"${PODS_ROOT}/Manifest.lock",
			);
			name = "[CP] Check Pods Manifest.lock";
			outputFileListPaths = (
			);
			outputPaths = (
				"$(DERIVED_FILE_DIR)/Pods-PickItUpTests-checkManifestLockResult.txt",
			);
			runOnlyForDeploymentPostprocessing = 0;
			shellPath = /bin/sh;
			shellScript = "diff \"${PODS_PODFILE_DIR_PATH}/Podfile.lock\" \"${PODS_ROOT}/Manifest.lock\" > /dev/null\nif [ $? != 0 ] ; then\n    # print error to STDERR\n    echo \"error: The sandbox is not in sync with the Podfile.lock. Run 'pod install' or update your CocoaPods installation.\" >&2\n    exit 1\nfi\n# This output is used by Xcode 'outputs' to avoid re-running this script phase.\necho \"SUCCESS\" > \"${SCRIPT_OUTPUT_FILE_0}\"\n";
			showEnvVarsInLog = 0;
		};
		6494C05754B435E126F3DABE /* [CP] Embed Pods Frameworks */ = {
			isa = PBXShellScriptBuildPhase;
			buildActionMask = 2147483647;
			files = (
			);
			inputFileListPaths = (
				"${PODS_ROOT}/Target Support Files/Pods-PickItUp/Pods-PickItUp-frameworks-${CONFIGURATION}-input-files.xcfilelist",
			);
			name = "[CP] Embed Pods Frameworks";
			outputFileListPaths = (
				"${PODS_ROOT}/Target Support Files/Pods-PickItUp/Pods-PickItUp-frameworks-${CONFIGURATION}-output-files.xcfilelist",
			);
			runOnlyForDeploymentPostprocessing = 0;
			shellPath = /bin/sh;
			shellScript = "\"${PODS_ROOT}/Target Support Files/Pods-PickItUp/Pods-PickItUp-frameworks.sh\"\n";
			showEnvVarsInLog = 0;
		};
		6A72E84B74F768687E05D021 /* [CP] Embed Pods Frameworks */ = {
			isa = PBXShellScriptBuildPhase;
			buildActionMask = 2147483647;
			files = (
			);
			inputFileListPaths = (
				"${PODS_ROOT}/Target Support Files/Pods-PickItUp-PickItUpUITests/Pods-PickItUp-PickItUpUITests-frameworks-${CONFIGURATION}-input-files.xcfilelist",
			);
			name = "[CP] Embed Pods Frameworks";
			outputFileListPaths = (
				"${PODS_ROOT}/Target Support Files/Pods-PickItUp-PickItUpUITests/Pods-PickItUp-PickItUpUITests-frameworks-${CONFIGURATION}-output-files.xcfilelist",
			);
			runOnlyForDeploymentPostprocessing = 0;
			shellPath = /bin/sh;
			shellScript = "\"${PODS_ROOT}/Target Support Files/Pods-PickItUp-PickItUpUITests/Pods-PickItUp-PickItUpUITests-frameworks.sh\"\n";
			showEnvVarsInLog = 0;
		};
		F0EEBCE63AF61267BDB75AE1 /* [CP] Check Pods Manifest.lock */ = {
			isa = PBXShellScriptBuildPhase;
			buildActionMask = 2147483647;
			files = (
			);
			inputFileListPaths = (
			);
			inputPaths = (
				"${PODS_PODFILE_DIR_PATH}/Podfile.lock",
				"${PODS_ROOT}/Manifest.lock",
			);
			name = "[CP] Check Pods Manifest.lock";
			outputFileListPaths = (
			);
			outputPaths = (
				"$(DERIVED_FILE_DIR)/Pods-PickItUp-checkManifestLockResult.txt",
			);
			runOnlyForDeploymentPostprocessing = 0;
			shellPath = /bin/sh;
			shellScript = "diff \"${PODS_PODFILE_DIR_PATH}/Podfile.lock\" \"${PODS_ROOT}/Manifest.lock\" > /dev/null\nif [ $? != 0 ] ; then\n    # print error to STDERR\n    echo \"error: The sandbox is not in sync with the Podfile.lock. Run 'pod install' or update your CocoaPods installation.\" >&2\n    exit 1\nfi\n# This output is used by Xcode 'outputs' to avoid re-running this script phase.\necho \"SUCCESS\" > \"${SCRIPT_OUTPUT_FILE_0}\"\n";
			showEnvVarsInLog = 0;
		};
/* End PBXShellScriptBuildPhase section */

/* Begin PBXSourcesBuildPhase section */
		E8CCE191243CF56F00999F3B /* Sources */ = {
			isa = PBXSourcesBuildPhase;
			buildActionMask = 2147483647;
			files = (
				E8CCE199243CF56F00999F3B /* AppDelegate.swift in Sources */,
				E8CCE19B243CF56F00999F3B /* SceneDelegate.swift in Sources */,
				E8CCE19D243CF56F00999F3B /* ContentView.swift in Sources */,
			);
			runOnlyForDeploymentPostprocessing = 0;
		};
		E8CCE1A7243CF57400999F3B /* Sources */ = {
			isa = PBXSourcesBuildPhase;
			buildActionMask = 2147483647;
			files = (
				E8CCE1B0243CF57400999F3B /* PickItUpTests.swift in Sources */,
			);
			runOnlyForDeploymentPostprocessing = 0;
		};
		E8CCE1B2243CF57400999F3B /* Sources */ = {
			isa = PBXSourcesBuildPhase;
			buildActionMask = 2147483647;
			files = (
				E8CCE1BB243CF57400999F3B /* PickItUpUITests.swift in Sources */,
			);
			runOnlyForDeploymentPostprocessing = 0;
		};
/* End PBXSourcesBuildPhase section */

/* Begin PBXTargetDependency section */
		E8CCE1AD243CF57400999F3B /* PBXTargetDependency */ = {
			isa = PBXTargetDependency;
			target = E8CCE194243CF56F00999F3B /* PickItUp */;
			targetProxy = E8CCE1AC243CF57400999F3B /* PBXContainerItemProxy */;
		};
		E8CCE1B8243CF57400999F3B /* PBXTargetDependency */ = {
			isa = PBXTargetDependency;
			target = E8CCE194243CF56F00999F3B /* PickItUp */;
			targetProxy = E8CCE1B7243CF57400999F3B /* PBXContainerItemProxy */;
		};
/* End PBXTargetDependency section */

/* Begin PBXVariantGroup section */
		E8CCE1A3243CF57400999F3B /* LaunchScreen.storyboard */ = {
			isa = PBXVariantGroup;
			children = (
				E8CCE1A4243CF57400999F3B /* Base */,
			);
			name = LaunchScreen.storyboard;
			sourceTree = "<group>";
		};
/* End PBXVariantGroup section */

/* Begin XCBuildConfiguration section */
		E8CCE1BD243CF57500999F3B /* Debug */ = {
			isa = XCBuildConfiguration;
			buildSettings = {
				ALWAYS_SEARCH_USER_PATHS = NO;
				CLANG_ANALYZER_NONNULL = YES;
				CLANG_ANALYZER_NUMBER_OBJECT_CONVERSION = YES_AGGRESSIVE;
				CLANG_CXX_LANGUAGE_STANDARD = "gnu++14";
				CLANG_CXX_LIBRARY = "libc++";
				CLANG_ENABLE_MODULES = YES;
				CLANG_ENABLE_OBJC_ARC = YES;
				CLANG_ENABLE_OBJC_WEAK = YES;
				CLANG_WARN_BLOCK_CAPTURE_AUTORELEASING = YES;
				CLANG_WARN_BOOL_CONVERSION = YES;
				CLANG_WARN_COMMA = YES;
				CLANG_WARN_CONSTANT_CONVERSION = YES;
				CLANG_WARN_DEPRECATED_OBJC_IMPLEMENTATIONS = YES;
				CLANG_WARN_DIRECT_OBJC_ISA_USAGE = YES_ERROR;
				CLANG_WARN_DOCUMENTATION_COMMENTS = YES;
				CLANG_WARN_EMPTY_BODY = YES;
				CLANG_WARN_ENUM_CONVERSION = YES;
				CLANG_WARN_INFINITE_RECURSION = YES;
				CLANG_WARN_INT_CONVERSION = YES;
				CLANG_WARN_NON_LITERAL_NULL_CONVERSION = YES;
				CLANG_WARN_OBJC_IMPLICIT_RETAIN_SELF = YES;
				CLANG_WARN_OBJC_LITERAL_CONVERSION = YES;
				CLANG_WARN_OBJC_ROOT_CLASS = YES_ERROR;
				CLANG_WARN_RANGE_LOOP_ANALYSIS = YES;
				CLANG_WARN_STRICT_PROTOTYPES = YES;
				CLANG_WARN_SUSPICIOUS_MOVE = YES;
				CLANG_WARN_UNGUARDED_AVAILABILITY = YES_AGGRESSIVE;
				CLANG_WARN_UNREACHABLE_CODE = YES;
				CLANG_WARN__DUPLICATE_METHOD_MATCH = YES;
				COPY_PHASE_STRIP = NO;
				DEBUG_INFORMATION_FORMAT = dwarf;
				ENABLE_STRICT_OBJC_MSGSEND = YES;
				ENABLE_TESTABILITY = YES;
				GCC_C_LANGUAGE_STANDARD = gnu11;
				GCC_DYNAMIC_NO_PIC = NO;
				GCC_NO_COMMON_BLOCKS = YES;
				GCC_OPTIMIZATION_LEVEL = 0;
				GCC_PREPROCESSOR_DEFINITIONS = (
					"DEBUG=1",
					"$(inherited)",
				);
				GCC_WARN_64_TO_32_BIT_CONVERSION = YES;
				GCC_WARN_ABOUT_RETURN_TYPE = YES_ERROR;
				GCC_WARN_UNDECLARED_SELECTOR = YES;
				GCC_WARN_UNINITIALIZED_AUTOS = YES_AGGRESSIVE;
				GCC_WARN_UNUSED_FUNCTION = YES;
				GCC_WARN_UNUSED_VARIABLE = YES;
				IPHONEOS_DEPLOYMENT_TARGET = 13.2;
				MTL_ENABLE_DEBUG_INFO = INCLUDE_SOURCE;
				MTL_FAST_MATH = YES;
				ONLY_ACTIVE_ARCH = YES;
				SDKROOT = iphoneos;
				SWIFT_ACTIVE_COMPILATION_CONDITIONS = DEBUG;
				SWIFT_OPTIMIZATION_LEVEL = "-Onone";
			};
			name = Debug;
		};
		E8CCE1BE243CF57500999F3B /* Release */ = {
			isa = XCBuildConfiguration;
			buildSettings = {
				ALWAYS_SEARCH_USER_PATHS = NO;
				CLANG_ANALYZER_NONNULL = YES;
				CLANG_ANALYZER_NUMBER_OBJECT_CONVERSION = YES_AGGRESSIVE;
				CLANG_CXX_LANGUAGE_STANDARD = "gnu++14";
				CLANG_CXX_LIBRARY = "libc++";
				CLANG_ENABLE_MODULES = YES;
				CLANG_ENABLE_OBJC_ARC = YES;
				CLANG_ENABLE_OBJC_WEAK = YES;
				CLANG_WARN_BLOCK_CAPTURE_AUTORELEASING = YES;
				CLANG_WARN_BOOL_CONVERSION = YES;
				CLANG_WARN_COMMA = YES;
				CLANG_WARN_CONSTANT_CONVERSION = YES;
				CLANG_WARN_DEPRECATED_OBJC_IMPLEMENTATIONS = YES;
				CLANG_WARN_DIRECT_OBJC_ISA_USAGE = YES_ERROR;
				CLANG_WARN_DOCUMENTATION_COMMENTS = YES;
				CLANG_WARN_EMPTY_BODY = YES;
				CLANG_WARN_ENUM_CONVERSION = YES;
				CLANG_WARN_INFINITE_RECURSION = YES;
				CLANG_WARN_INT_CONVERSION = YES;
				CLANG_WARN_NON_LITERAL_NULL_CONVERSION = YES;
				CLANG_WARN_OBJC_IMPLICIT_RETAIN_SELF = YES;
				CLANG_WARN_OBJC_LITERAL_CONVERSION = YES;
				CLANG_WARN_OBJC_ROOT_CLASS = YES_ERROR;
				CLANG_WARN_RANGE_LOOP_ANALYSIS = YES;
				CLANG_WARN_STRICT_PROTOTYPES = YES;
				CLANG_WARN_SUSPICIOUS_MOVE = YES;
				CLANG_WARN_UNGUARDED_AVAILABILITY = YES_AGGRESSIVE;
				CLANG_WARN_UNREACHABLE_CODE = YES;
				CLANG_WARN__DUPLICATE_METHOD_MATCH = YES;
				COPY_PHASE_STRIP = NO;
				DEBUG_INFORMATION_FORMAT = "dwarf-with-dsym";
				ENABLE_NS_ASSERTIONS = NO;
				ENABLE_STRICT_OBJC_MSGSEND = YES;
				GCC_C_LANGUAGE_STANDARD = gnu11;
				GCC_NO_COMMON_BLOCKS = YES;
				GCC_WARN_64_TO_32_BIT_CONVERSION = YES;
				GCC_WARN_ABOUT_RETURN_TYPE = YES_ERROR;
				GCC_WARN_UNDECLARED_SELECTOR = YES;
				GCC_WARN_UNINITIALIZED_AUTOS = YES_AGGRESSIVE;
				GCC_WARN_UNUSED_FUNCTION = YES;
				GCC_WARN_UNUSED_VARIABLE = YES;
				IPHONEOS_DEPLOYMENT_TARGET = 13.2;
				MTL_ENABLE_DEBUG_INFO = NO;
				MTL_FAST_MATH = YES;
				SDKROOT = iphoneos;
				SWIFT_COMPILATION_MODE = wholemodule;
				SWIFT_OPTIMIZATION_LEVEL = "-O";
				VALIDATE_PRODUCT = YES;
			};
			name = Release;
		};
		E8CCE1C0243CF57500999F3B /* Debug */ = {
			isa = XCBuildConfiguration;
			baseConfigurationReference = 8D88F1E1FEE4711E176AB1A0 /* Pods-PickItUp.debug.xcconfig */;
			buildSettings = {
				ASSETCATALOG_COMPILER_APPICON_NAME = AppIcon;
				CODE_SIGN_STYLE = Automatic;
				DEVELOPMENT_ASSET_PATHS = "\"PickItUp/Preview Content\"";
				DEVELOPMENT_TEAM = 98J56N9R42;
				ENABLE_PREVIEWS = YES;
				INFOPLIST_FILE = PickItUp/Info.plist;
				LD_RUNPATH_SEARCH_PATHS = (
					"$(inherited)",
					"@executable_path/Frameworks",
				);
				PRODUCT_BUNDLE_IDENTIFIER = com.AppFactory.PickItUp;
				PRODUCT_NAME = "$(TARGET_NAME)";
				SWIFT_VERSION = 5.0;
				TARGETED_DEVICE_FAMILY = "1,2";
			};
			name = Debug;
		};
		E8CCE1C1243CF57500999F3B /* Release */ = {
			isa = XCBuildConfiguration;
			baseConfigurationReference = 60778CE1EEB8E1DC4F63541F /* Pods-PickItUp.release.xcconfig */;
			buildSettings = {
				ASSETCATALOG_COMPILER_APPICON_NAME = AppIcon;
				CODE_SIGN_STYLE = Automatic;
				DEVELOPMENT_ASSET_PATHS = "\"PickItUp/Preview Content\"";
				DEVELOPMENT_TEAM = 98J56N9R42;
				ENABLE_PREVIEWS = YES;
				INFOPLIST_FILE = PickItUp/Info.plist;
				LD_RUNPATH_SEARCH_PATHS = (
					"$(inherited)",
					"@executable_path/Frameworks",
				);
				PRODUCT_BUNDLE_IDENTIFIER = com.AppFactory.PickItUp;
				PRODUCT_NAME = "$(TARGET_NAME)";
				SWIFT_VERSION = 5.0;
				TARGETED_DEVICE_FAMILY = "1,2";
			};
			name = Release;
		};
		E8CCE1C3243CF57500999F3B /* Debug */ = {
			isa = XCBuildConfiguration;
			baseConfigurationReference = CBE4065C7DABAE68AAB6B09F /* Pods-PickItUpTests.debug.xcconfig */;
			buildSettings = {
				ALWAYS_EMBED_SWIFT_STANDARD_LIBRARIES = YES;
				BUNDLE_LOADER = "$(TEST_HOST)";
				CODE_SIGN_STYLE = Automatic;
				DEVELOPMENT_TEAM = 98J56N9R42;
				INFOPLIST_FILE = PickItUpTests/Info.plist;
				IPHONEOS_DEPLOYMENT_TARGET = 13.2;
				LD_RUNPATH_SEARCH_PATHS = (
					"$(inherited)",
					"@executable_path/Frameworks",
					"@loader_path/Frameworks",
				);
				PRODUCT_BUNDLE_IDENTIFIER = com.AppFactory.PickItUpTests;
				PRODUCT_NAME = "$(TARGET_NAME)";
				SWIFT_VERSION = 5.0;
				TARGETED_DEVICE_FAMILY = "1,2";
				TEST_HOST = "$(BUILT_PRODUCTS_DIR)/PickItUp.app/PickItUp";
			};
			name = Debug;
		};
		E8CCE1C4243CF57500999F3B /* Release */ = {
			isa = XCBuildConfiguration;
			baseConfigurationReference = AC2C771F7532F585716E89B7 /* Pods-PickItUpTests.release.xcconfig */;
			buildSettings = {
				ALWAYS_EMBED_SWIFT_STANDARD_LIBRARIES = YES;
				BUNDLE_LOADER = "$(TEST_HOST)";
				CODE_SIGN_STYLE = Automatic;
				DEVELOPMENT_TEAM = 98J56N9R42;
				INFOPLIST_FILE = PickItUpTests/Info.plist;
				IPHONEOS_DEPLOYMENT_TARGET = 13.2;
				LD_RUNPATH_SEARCH_PATHS = (
					"$(inherited)",
					"@executable_path/Frameworks",
					"@loader_path/Frameworks",
				);
				PRODUCT_BUNDLE_IDENTIFIER = com.AppFactory.PickItUpTests;
				PRODUCT_NAME = "$(TARGET_NAME)";
				SWIFT_VERSION = 5.0;
				TARGETED_DEVICE_FAMILY = "1,2";
				TEST_HOST = "$(BUILT_PRODUCTS_DIR)/PickItUp.app/PickItUp";
			};
			name = Release;
		};
		E8CCE1C6243CF57500999F3B /* Debug */ = {
			isa = XCBuildConfiguration;
			baseConfigurationReference = 203579E25BE03E8FE455F85F /* Pods-PickItUp-PickItUpUITests.debug.xcconfig */;
			buildSettings = {
				ALWAYS_EMBED_SWIFT_STANDARD_LIBRARIES = YES;
				CODE_SIGN_STYLE = Automatic;
				DEVELOPMENT_TEAM = 98J56N9R42;
				INFOPLIST_FILE = PickItUpUITests/Info.plist;
				LD_RUNPATH_SEARCH_PATHS = (
					"$(inherited)",
					"@executable_path/Frameworks",
					"@loader_path/Frameworks",
				);
				PRODUCT_BUNDLE_IDENTIFIER = com.AppFactory.PickItUpUITests;
				PRODUCT_NAME = "$(TARGET_NAME)";
				SWIFT_VERSION = 5.0;
				TARGETED_DEVICE_FAMILY = "1,2";
				TEST_TARGET_NAME = PickItUp;
			};
			name = Debug;
		};
		E8CCE1C7243CF57500999F3B /* Release */ = {
			isa = XCBuildConfiguration;
			baseConfigurationReference = 9B255A73A345A1E8E9EDA781 /* Pods-PickItUp-PickItUpUITests.release.xcconfig */;
			buildSettings = {
				ALWAYS_EMBED_SWIFT_STANDARD_LIBRARIES = YES;
				CODE_SIGN_STYLE = Automatic;
				DEVELOPMENT_TEAM = 98J56N9R42;
				INFOPLIST_FILE = PickItUpUITests/Info.plist;
				LD_RUNPATH_SEARCH_PATHS = (
					"$(inherited)",
					"@executable_path/Frameworks",
					"@loader_path/Frameworks",
				);
				PRODUCT_BUNDLE_IDENTIFIER = com.AppFactory.PickItUpUITests;
				PRODUCT_NAME = "$(TARGET_NAME)";
				SWIFT_VERSION = 5.0;
				TARGETED_DEVICE_FAMILY = "1,2";
				TEST_TARGET_NAME = PickItUp;
			};
			name = Release;
		};
/* End XCBuildConfiguration section */

/* Begin XCConfigurationList section */
		E8CCE190243CF56F00999F3B /* Build configuration list for PBXProject "PickItUp" */ = {
			isa = XCConfigurationList;
			buildConfigurations = (
				E8CCE1BD243CF57500999F3B /* Debug */,
				E8CCE1BE243CF57500999F3B /* Release */,
			);
			defaultConfigurationIsVisible = 0;
			defaultConfigurationName = Release;
		};
		E8CCE1BF243CF57500999F3B /* Build configuration list for PBXNativeTarget "PickItUp" */ = {
			isa = XCConfigurationList;
			buildConfigurations = (
				E8CCE1C0243CF57500999F3B /* Debug */,
				E8CCE1C1243CF57500999F3B /* Release */,
			);
			defaultConfigurationIsVisible = 0;
			defaultConfigurationName = Release;
		};
		E8CCE1C2243CF57500999F3B /* Build configuration list for PBXNativeTarget "PickItUpTests" */ = {
			isa = XCConfigurationList;
			buildConfigurations = (
				E8CCE1C3243CF57500999F3B /* Debug */,
				E8CCE1C4243CF57500999F3B /* Release */,
			);
			defaultConfigurationIsVisible = 0;
			defaultConfigurationName = Release;
		};
		E8CCE1C5243CF57500999F3B /* Build configuration list for PBXNativeTarget "PickItUpUITests" */ = {
			isa = XCConfigurationList;
			buildConfigurations = (
				E8CCE1C6243CF57500999F3B /* Debug */,
				E8CCE1C7243CF57500999F3B /* Release */,
			);
			defaultConfigurationIsVisible = 0;
			defaultConfigurationName = Release;
		};
/* End XCConfigurationList section */
	};
	rootObject = E8CCE18D243CF56F00999F3B /* Project object */;
}
